
Microsoft Visual Studio Solution File, Format Version 12.00
# Visual Studio 2012
Project("{FAE04EC0-301F-11D3-BF4B-00C04F79EFBC}") = "Naxam.Stripe.iOS", "Naxam.Stripe.iOS\Naxam.Stripe.iOS.csproj", "{2B73D466-860C-42CD-AA68-0F8BE3CB4398}"
EndProject
Global
	GlobalSection(SolutionConfigurationPlatforms) = preSolution
		Debug|Any CPU = Debug|Any CPU
		Release|Any CPU = Release|Any CPU
	EndGlobalSection
	GlobalSection(ProjectConfigurationPlatforms) = postSolution
		{2B73D466-860C-42CD-AA68-0F8BE3CB4398}.Debug|Any CPU.ActiveCfg = Debug|Any CPU
		{2B73D466-860C-42CD-AA68-0F8BE3CB4398}.Debug|Any CPU.Build.0 = Debug|Any CPU
		{2B73D466-860C-42CD-AA68-0F8BE3CB4398}.Release|Any CPU.ActiveCfg = Release|Any CPU
		{2B73D466-860C-42CD-AA68-0F8BE3CB4398}.Release|Any CPU.Build.0 = Release|Any CPU
	EndGlobalSection
EndGlobal
